
Microsoft Visual Studio Solution File, Format Version 12.00
# Visual Studio Version 16
VisualStudioVersion = 16.0.29728.190
MinimumVisualStudioVersion = 10.0.40219.1
Project("{FAE04EC0-301F-11D3-BF4B-00C04F79EFBC}") = "BeginC", "BeginC\BeginC.csproj", "{F26DFD01-BA0A-442E-A703-C9B4BA477BAA}"
EndProject
Global
	GlobalSection(SolutionConfigurationPlatforms) = preSolution
		Debug|Any CPU = Debug|Any CPU
		Release|Any CPU = Release|Any CPU
	EndGlobalSection
	GlobalSection(ProjectConfigurationPlatforms) = postSolution
		{F26DFD01-BA0A-442E-A703-C9B4BA477BAA}.Debug|Any CPU.ActiveCfg = Debug|Any CPU
		{F26DFD01-BA0A-442E-A703-C9B4BA477BAA}.Debug|Any CPU.Build.0 = Debug|Any CPU
		{F26DFD01-BA0A-442E-A703-C9B4BA477BAA}.Release|Any CPU.ActiveCfg = Release|Any CPU
		{F26DFD01-BA0A-442E-A703-C9B4BA477BAA}.Release|Any CPU.Build.0 = Release|Any CPU
	EndGlobalSection
	GlobalSection(SolutionProperties) = preSolution
		HideSolutionNode = FALSE
	EndGlobalSection
	GlobalSection(ExtensibilityGlobals) = postSolution
		SolutionGuid = {B56E9C0C-6E62-40A3-874C-5884DB0817E2}
	EndGlobalSection
EndGlobal
