
Microsoft Visual Studio Solution File, Format Version 12.00
# Visual Studio Version 16
VisualStudioVersion = 16.0.29728.190
MinimumVisualStudioVersion = 10.0.40219.1
Project("{9A19103F-16F7-4668-BE54-9A1E7A4F7556}") = "BeginC", "BeginC\BeginC.csproj", "{F26DFD01-BA0A-442E-A703-C9B4BA477BAA}"
EndProject
Project("{9A19103F-16F7-4668-BE54-9A1E7A4F7556}") = "SimbolCount", "SimbolCount\SimbolCount.csproj", "{67A35FD5-1F7A-47E7-B198-397DA7CEDB5D}"
EndProject
Project("{9A19103F-16F7-4668-BE54-9A1E7A4F7556}") = "MaxSubstring", "MaxSubstring\MaxSubstring.csproj", "{31953E25-649E-4B3A-A330-003B294D8583}"
EndProject
Project("{9A19103F-16F7-4668-BE54-9A1E7A4F7556}") = "Palindrome", "Palindrome\Palindrome.csproj", "{449CAF91-AF5A-4F1A-B6BB-B6B55A84C56F}"
EndProject
Project("{9A19103F-16F7-4668-BE54-9A1E7A4F7556}") = "ArrayHomeWork", "Test\ArrayHomeWork.csproj", "{5FD9775F-8378-4A6E-8B66-6911ABC2B864}"
EndProject
Project("{FAE04EC0-301F-11D3-BF4B-00C04F79EFBC}") = "MultiplicationTableArray", "MultiplicationTableArray\MultiplicationTableArray.csproj", "{483B9E64-A9ED-4419-B739-38DF54E13BC3}"
EndProject
Global
	GlobalSection(SolutionConfigurationPlatforms) = preSolution
		Debug|Any CPU = Debug|Any CPU
		Release|Any CPU = Release|Any CPU
	EndGlobalSection
	GlobalSection(ProjectConfigurationPlatforms) = postSolution
		{F26DFD01-BA0A-442E-A703-C9B4BA477BAA}.Debug|Any CPU.ActiveCfg = Debug|Any CPU
		{F26DFD01-BA0A-442E-A703-C9B4BA477BAA}.Debug|Any CPU.Build.0 = Debug|Any CPU
		{F26DFD01-BA0A-442E-A703-C9B4BA477BAA}.Release|Any CPU.ActiveCfg = Release|Any CPU
		{F26DFD01-BA0A-442E-A703-C9B4BA477BAA}.Release|Any CPU.Build.0 = Release|Any CPU
		{67A35FD5-1F7A-47E7-B198-397DA7CEDB5D}.Debug|Any CPU.ActiveCfg = Debug|Any CPU
		{67A35FD5-1F7A-47E7-B198-397DA7CEDB5D}.Debug|Any CPU.Build.0 = Debug|Any CPU
		{67A35FD5-1F7A-47E7-B198-397DA7CEDB5D}.Release|Any CPU.ActiveCfg = Release|Any CPU
		{67A35FD5-1F7A-47E7-B198-397DA7CEDB5D}.Release|Any CPU.Build.0 = Release|Any CPU
		{31953E25-649E-4B3A-A330-003B294D8583}.Debug|Any CPU.ActiveCfg = Debug|Any CPU
		{31953E25-649E-4B3A-A330-003B294D8583}.Debug|Any CPU.Build.0 = Debug|Any CPU
		{31953E25-649E-4B3A-A330-003B294D8583}.Release|Any CPU.ActiveCfg = Release|Any CPU
		{31953E25-649E-4B3A-A330-003B294D8583}.Release|Any CPU.Build.0 = Release|Any CPU
		{449CAF91-AF5A-4F1A-B6BB-B6B55A84C56F}.Debug|Any CPU.ActiveCfg = Debug|Any CPU
		{449CAF91-AF5A-4F1A-B6BB-B6B55A84C56F}.Debug|Any CPU.Build.0 = Debug|Any CPU
		{449CAF91-AF5A-4F1A-B6BB-B6B55A84C56F}.Release|Any CPU.ActiveCfg = Release|Any CPU
		{449CAF91-AF5A-4F1A-B6BB-B6B55A84C56F}.Release|Any CPU.Build.0 = Release|Any CPU
		{5FD9775F-8378-4A6E-8B66-6911ABC2B864}.Debug|Any CPU.ActiveCfg = Debug|Any CPU
		{5FD9775F-8378-4A6E-8B66-6911ABC2B864}.Debug|Any CPU.Build.0 = Debug|Any CPU
		{5FD9775F-8378-4A6E-8B66-6911ABC2B864}.Release|Any CPU.ActiveCfg = Release|Any CPU
		{5FD9775F-8378-4A6E-8B66-6911ABC2B864}.Release|Any CPU.Build.0 = Release|Any CPU
		{483B9E64-A9ED-4419-B739-38DF54E13BC3}.Debug|Any CPU.ActiveCfg = Debug|Any CPU
		{483B9E64-A9ED-4419-B739-38DF54E13BC3}.Debug|Any CPU.Build.0 = Debug|Any CPU
		{483B9E64-A9ED-4419-B739-38DF54E13BC3}.Release|Any CPU.ActiveCfg = Release|Any CPU
		{483B9E64-A9ED-4419-B739-38DF54E13BC3}.Release|Any CPU.Build.0 = Release|Any CPU
	EndGlobalSection
	GlobalSection(SolutionProperties) = preSolution
		HideSolutionNode = FALSE
	EndGlobalSection
	GlobalSection(ExtensibilityGlobals) = postSolution
		SolutionGuid = {B56E9C0C-6E62-40A3-874C-5884DB0817E2}
	EndGlobalSection
EndGlobal
